
Microsoft Visual Studio Solution File, Format Version 12.00
# Visual Studio Version 18
VisualStudioVersion = 18.5.11723.231 stable
MinimumVisualStudioVersion = 10.0.40219.1
Project("{FAE04EC0-301F-11D3-BF4B-00C04F79EFBC}") = "MarsOnFireSite.API", "MarsOnFireSite.API.csproj", "{515E8847-5943-2063-086F-50FE9E459FFF}"
EndProject
Global
	GlobalSection(SolutionConfigurationPlatforms) = preSolution
		Debug|Any CPU = Debug|Any CPU
		Release|Any CPU = Release|Any CPU
	EndGlobalSection
	GlobalSection(ProjectConfigurationPlatforms) = postSolution
		{515E8847-5943-2063-086F-50FE9E459FFF}.Debug|Any CPU.ActiveCfg = Debug|Any CPU
		{515E8847-5943-2063-086F-50FE9E459FFF}.Debug|Any CPU.Build.0 = Debug|Any CPU
		{515E8847-5943-2063-086F-50FE9E459FFF}.Release|Any CPU.ActiveCfg = Release|Any CPU
		{515E8847-5943-2063-086F-50FE9E459FFF}.Release|Any CPU.Build.0 = Release|Any CPU
	EndGlobalSection
	GlobalSection(SolutionProperties) = preSolution
		HideSolutionNode = FALSE
	EndGlobalSection
	GlobalSection(ExtensibilityGlobals) = postSolution
		SolutionGuid = {354FCC19-A1D5-41E5-8636-BAA7B866EFB8}
	EndGlobalSection
EndGlobal
